
Microsoft Visual Studio Solution File, Format Version 12.00
# Visual Studio Version 17
VisualStudioVersion = 17.9.34723.18
MinimumVisualStudioVersion = 10.0.40219.1
Project("{FAE04EC0-301F-11D3-BF4B-00C04F79EFBC}") = "SimpleCiv", "SimpleCiv.csproj", "{F3E67D2A-C26F-451A-848B-698C27020CDD}"
EndProject
Global
	GlobalSection(SolutionConfigurationPlatforms) = preSolution
		Debug|Any CPU = Debug|Any CPU
		Release|Any CPU = Release|Any CPU
	EndGlobalSection
	GlobalSection(ProjectConfigurationPlatforms) = postSolution
		{F3E67D2A-C26F-451A-848B-698C27020CDD}.Debug|Any CPU.ActiveCfg = Debug|Any CPU
		{F3E67D2A-C26F-451A-848B-698C27020CDD}.Debug|Any CPU.Build.0 = Debug|Any CPU
		{F3E67D2A-C26F-451A-848B-698C27020CDD}.Release|Any CPU.ActiveCfg = Release|Any CPU
		{F3E67D2A-C26F-451A-848B-698C27020CDD}.Release|Any CPU.Build.0 = Release|Any CPU
	EndGlobalSection
	GlobalSection(SolutionProperties) = preSolution
		HideSolutionNode = FALSE
	EndGlobalSection
	GlobalSection(ExtensibilityGlobals) = postSolution
		SolutionGuid = {1C43F6E3-8989-4821-B744-B88AC2CFF73A}
	EndGlobalSection
EndGlobal
